
Microsoft Visual Studio Solution File, Format Version 12.00
# Visual Studio Version 16
VisualStudioVersion = 16.0.30907.101
MinimumVisualStudioVersion = 10.0.40219.1
Project("{FAE04EC0-301F-11D3-BF4B-00C04F79EFBC}") = "Domain", "Domain\Domain.csproj", "{BD62553B-C848-4D1E-88A8-656B5410CE75}"
EndProject
Project("{FAE04EC0-301F-11D3-BF4B-00C04F79EFBC}") = "DataAccess", "DataAccess\DataAccess.csproj", "{AB4AE430-83EA-4DBD-88C2-017ADDE8BA02}"
EndProject
Project("{FAE04EC0-301F-11D3-BF4B-00C04F79EFBC}") = "Service", "Service\Service.csproj", "{1BF50097-EE4C-4843-BCAA-5C2295A133B0}"
EndProject
Project("{FAE04EC0-301F-11D3-BF4B-00C04F79EFBC}") = "WebAPI", "WebAPI\WebAPI.csproj", "{00BAADA1-4CB6-4CD8-B09D-12B62218F777}"
EndProject
Project("{FAE04EC0-301F-11D3-BF4B-00C04F79EFBC}") = "Core", "Core\Core.csproj", "{528828BC-5C49-4651-9586-B88730C6FE34}"
EndProject
Global
	GlobalSection(SolutionConfigurationPlatforms) = preSolution
		Debug|Any CPU = Debug|Any CPU
		Release|Any CPU = Release|Any CPU
	EndGlobalSection
	GlobalSection(ProjectConfigurationPlatforms) = postSolution
		{BD62553B-C848-4D1E-88A8-656B5410CE75}.Debug|Any CPU.ActiveCfg = Debug|Any CPU
		{BD62553B-C848-4D1E-88A8-656B5410CE75}.Debug|Any CPU.Build.0 = Debug|Any CPU
		{BD62553B-C848-4D1E-88A8-656B5410CE75}.Release|Any CPU.ActiveCfg = Release|Any CPU
		{BD62553B-C848-4D1E-88A8-656B5410CE75}.Release|Any CPU.Build.0 = Release|Any CPU
		{AB4AE430-83EA-4DBD-88C2-017ADDE8BA02}.Debug|Any CPU.ActiveCfg = Debug|Any CPU
		{AB4AE430-83EA-4DBD-88C2-017ADDE8BA02}.Debug|Any CPU.Build.0 = Debug|Any CPU
		{AB4AE430-83EA-4DBD-88C2-017ADDE8BA02}.Release|Any CPU.ActiveCfg = Release|Any CPU
		{AB4AE430-83EA-4DBD-88C2-017ADDE8BA02}.Release|Any CPU.Build.0 = Release|Any CPU
		{1BF50097-EE4C-4843-BCAA-5C2295A133B0}.Debug|Any CPU.ActiveCfg = Debug|Any CPU
		{1BF50097-EE4C-4843-BCAA-5C2295A133B0}.Debug|Any CPU.Build.0 = Debug|Any CPU
		{1BF50097-EE4C-4843-BCAA-5C2295A133B0}.Release|Any CPU.ActiveCfg = Release|Any CPU
		{1BF50097-EE4C-4843-BCAA-5C2295A133B0}.Release|Any CPU.Build.0 = Release|Any CPU
		{00BAADA1-4CB6-4CD8-B09D-12B62218F777}.Debug|Any CPU.ActiveCfg = Debug|Any CPU
		{00BAADA1-4CB6-4CD8-B09D-12B62218F777}.Debug|Any CPU.Build.0 = Debug|Any CPU
		{00BAADA1-4CB6-4CD8-B09D-12B62218F777}.Release|Any CPU.ActiveCfg = Release|Any CPU
		{00BAADA1-4CB6-4CD8-B09D-12B62218F777}.Release|Any CPU.Build.0 = Release|Any CPU
		{528828BC-5C49-4651-9586-B88730C6FE34}.Debug|Any CPU.ActiveCfg = Debug|Any CPU
		{528828BC-5C49-4651-9586-B88730C6FE34}.Debug|Any CPU.Build.0 = Debug|Any CPU
		{528828BC-5C49-4651-9586-B88730C6FE34}.Release|Any CPU.ActiveCfg = Release|Any CPU
		{528828BC-5C49-4651-9586-B88730C6FE34}.Release|Any CPU.Build.0 = Release|Any CPU
	EndGlobalSection
	GlobalSection(SolutionProperties) = preSolution
		HideSolutionNode = FALSE
	EndGlobalSection
	GlobalSection(ExtensibilityGlobals) = postSolution
		SolutionGuid = {72820F47-20D7-4D97-B876-07FB7506E197}
	EndGlobalSection
EndGlobal
