
Microsoft Visual Studio Solution File, Format Version 12.00
# Visual Studio Version 16
VisualStudioVersion = 16.0.30907.101
MinimumVisualStudioVersion = 10.0.40219.1
Project("{9A19103F-16F7-4668-BE54-9A1E7A4F7556}") = "DependencyInjectionAPI", "..\..\..\YemekSepeti Ödevler\Homework4\DependencyInjectionAPI\DependencyInjectionAPI.csproj", "{07875EFA-E45B-4B39-BC6D-8761CE0E750C}"
EndProject
Global
	GlobalSection(SolutionConfigurationPlatforms) = preSolution
		Debug|Any CPU = Debug|Any CPU
		Release|Any CPU = Release|Any CPU
	EndGlobalSection
	GlobalSection(ProjectConfigurationPlatforms) = postSolution
		{07875EFA-E45B-4B39-BC6D-8761CE0E750C}.Debug|Any CPU.ActiveCfg = Debug|Any CPU
		{07875EFA-E45B-4B39-BC6D-8761CE0E750C}.Debug|Any CPU.Build.0 = Debug|Any CPU
		{07875EFA-E45B-4B39-BC6D-8761CE0E750C}.Release|Any CPU.ActiveCfg = Release|Any CPU
		{07875EFA-E45B-4B39-BC6D-8761CE0E750C}.Release|Any CPU.Build.0 = Release|Any CPU
	EndGlobalSection
	GlobalSection(SolutionProperties) = preSolution
		HideSolutionNode = FALSE
	EndGlobalSection
	GlobalSection(ExtensibilityGlobals) = postSolution
		SolutionGuid = {1E06A732-BC14-414D-85D0-BEC49D233AED}
	EndGlobalSection
EndGlobal
